{
  "name": "@timelaps/classy",
  "version": "1.0.17",
  "lockfileVersion": 1,
  "requires": true,
  "dependencies": {
    "@timelaps/array": {
      "version": "1.0.18",
      "resolved": "https://registry.npmjs.org/@timelaps/array/-/array-1.0.18.tgz",
      "integrity": "sha512-mxpjy0Mu0aiG8smdV+Tam31xx8P6PgZ48xgSWUkL2rTaJQj0HMkd+kU2CQCc3dARM5zQBaWj+FM3uIl6w5VC8Q==",
      "requires": {
        "@timelaps/constants": "1.0.6",
        "@timelaps/fn": "1.0.17",
        "@timelaps/is": "1.0.15",
        "@timelaps/n": "1.0.32",
        "@timelaps/object": "1.0.21",
        "@timelaps/to": "1.0.11"
      },
      "dependencies": {
        "@timelaps/constants": {
          "version": "1.0.6",
          "resolved": "https://registry.npmjs.org/@timelaps/constants/-/constants-1.0.6.tgz",
          "integrity": "sha512-GaREk9rHjhVTjYjCysUGLXnOMvuPIR3Ll/EiQmk6TBM0xfaYEZ69wr4sU5uBe4E0XIq2rkOkTxersR/CoIxYGg=="
        },
        "@timelaps/object": {
          "version": "1.0.21",
          "resolved": "https://registry.npmjs.org/@timelaps/object/-/object-1.0.21.tgz",
          "integrity": "sha512-uOssVWR73+nZ0uw4kKzZIqtoROaPZ+vYWLlav53wiPNhG40Z7LGIPHC40uiV2mRHFQp0ZVkAmAEExDAjFSRVDg==",
          "requires": {
            "@timelaps/constants": "1.0.6",
            "@timelaps/fn": "1.0.17",
            "@timelaps/is": "1.0.15",
            "@timelaps/json": "1.0.4",
            "@timelaps/n": "1.0.32"
          }
        }
      }
    },
    "@timelaps/batterie": {
      "version": "1.0.73",
      "resolved": "https://registry.npmjs.org/@timelaps/batterie/-/batterie-1.0.73.tgz",
      "integrity": "sha512-H6LzsPHkBeqmDy+Lil7aFChPA7zmQ+e4zwjokLn9cT0GS4U+2us8/tirZRmiyL0youMJpAkxguxz+FJMJ4NB9g==",
      "dev": true,
      "requires": {
        "matters": "1.0.3",
        "minimatch": "3.0.4",
        "mkdirp": "0.5.1"
      }
    },
    "@timelaps/constants": {
      "version": "1.0.5",
      "resolved": "https://registry.npmjs.org/@timelaps/constants/-/constants-1.0.5.tgz",
      "integrity": "sha1-LlxqWtea1Xr4600z2yzISBtbzR8="
    },
    "@timelaps/fn": {
      "version": "1.0.17",
      "resolved": "https://registry.npmjs.org/@timelaps/fn/-/fn-1.0.17.tgz",
      "integrity": "sha512-W9UXtY+BUkeAaIQ342000rW+4vH5e4VAXm8NxIVAxDYRZIp4AgM/Hm/Eh+sOrt/MHY9HrYw0tbnCzuKiiV+TAg==",
      "requires": {
        "@timelaps/hacks": "1.0.5",
        "@timelaps/is": "1.0.15",
        "@timelaps/json": "1.0.4",
        "@timelaps/returns": "1.0.2",
        "@timelaps/to": "1.0.11"
      }
    },
    "@timelaps/hacks": {
      "version": "1.0.5",
      "resolved": "https://registry.npmjs.org/@timelaps/hacks/-/hacks-1.0.5.tgz",
      "integrity": "sha512-C+/VWZHapDvX0OqilGneGS5bX5RhokHfwBFibY7xCCD8gaVAcVRSq7JVese/dL0cjJ/Rll+Ar69+B5pqA9+jVA=="
    },
    "@timelaps/io": {
      "version": "1.0.6",
      "resolved": "https://registry.npmjs.org/@timelaps/io/-/io-1.0.6.tgz",
      "integrity": "sha512-CaVxXZiPSJsmHg2DDHGfY+q/uV5ubKgoHaalA6h96yenAU7eSTOUEVV+0I77PnN3TxLFkkB0cxDePETmk/uZUg==",
      "requires": {
        "@timelaps/constants": "1.0.5",
        "@timelaps/fn": "1.0.17",
        "@timelaps/hacks": "1.0.5",
        "@timelaps/is": "1.0.15",
        "@timelaps/json": "1.0.4",
        "@timelaps/n": "1.0.32",
        "@timelaps/time": "1.0.3",
        "@timelaps/to": "1.0.11"
      }
    },
    "@timelaps/is": {
      "version": "1.0.15",
      "resolved": "https://registry.npmjs.org/@timelaps/is/-/is-1.0.15.tgz",
      "integrity": "sha512-ECBCFt6wADIVvW/XZWnqjkMRY76cbhBYtBQz99e6ATHVgenNcM6Mxrt/MQ2TiMNMoUMDGvR1I2Vm6JtQTy2WAg==",
      "requires": {
        "@timelaps/constants": "1.0.5",
        "@timelaps/hacks": "1.0.5"
      }
    },
    "@timelaps/json": {
      "version": "1.0.4",
      "resolved": "https://registry.npmjs.org/@timelaps/json/-/json-1.0.4.tgz",
      "integrity": "sha512-SdCr5rrEkQjjdRMHjtGrXSlOTiXz1kRNwa0NiFbDrmOOolrd7FC65vEvLXS0WxVHwTSd3cK4k0wEbrEudstAnQ==",
      "requires": {
        "@timelaps/is": "1.0.15"
      }
    },
    "@timelaps/n": {
      "version": "1.0.32",
      "resolved": "https://registry.npmjs.org/@timelaps/n/-/n-1.0.32.tgz",
      "integrity": "sha512-M9w33OzYZFBjVk5nz+8eiLd7no7Eh099YgK8zH06Ukc+qt5tFRuHEeg5umACnyxzY7X/R0YcqRYFmyid1JyApA==",
      "requires": {
        "@timelaps/constants": "1.0.5",
        "@timelaps/fn": "1.0.17",
        "@timelaps/hacks": "1.0.5",
        "@timelaps/is": "1.0.15",
        "@timelaps/number": "1.0.3",
        "@timelaps/polyfill": "1.0.17",
        "@timelaps/returns": "1.0.2",
        "@timelaps/to": "1.0.11"
      }
    },
    "@timelaps/number": {
      "version": "1.0.3",
      "resolved": "https://registry.npmjs.org/@timelaps/number/-/number-1.0.3.tgz",
      "integrity": "sha512-5702JUworpAROrwEQMjA3imgUpibsmNYdp0RGtmJiR5jqJ3+SfJaa70e3lOrQlTzyTFOnoouydGyVosOjOMRbQ==",
      "requires": {
        "@timelaps/is": "1.0.15"
      }
    },
    "@timelaps/object": {
      "version": "1.0.20",
      "resolved": "https://registry.npmjs.org/@timelaps/object/-/object-1.0.20.tgz",
      "integrity": "sha512-4mXAjqofdIaWze9w2Z4dnSNvOs0hYReta89Lue54MUwKQIjSf+lkiCZgk9raeCY53uyyyFHEVLQKRzhoupFMfg==",
      "requires": {
        "@timelaps/constants": "1.0.5",
        "@timelaps/fn": "1.0.17",
        "@timelaps/is": "1.0.15",
        "@timelaps/json": "1.0.4",
        "@timelaps/n": "1.0.32"
      }
    },
    "@timelaps/polyfill": {
      "version": "1.0.17",
      "resolved": "https://registry.npmjs.org/@timelaps/polyfill/-/polyfill-1.0.17.tgz",
      "integrity": "sha512-rg1+KZGIsw/TMOwq3kGCUxGDvPRswRZ7bkqkkCRqRV403HkRJIRbgQYeVlLZq3j5Wj/ow7y98IxBKgRw8QTsYw==",
      "requires": {
        "@timelaps/hacks": "1.0.5",
        "@timelaps/is": "1.0.15",
        "@timelaps/number": "1.0.3",
        "document-register-element": "1.7.0"
      }
    },
    "@timelaps/returns": {
      "version": "1.0.2",
      "resolved": "https://registry.npmjs.org/@timelaps/returns/-/returns-1.0.2.tgz",
      "integrity": "sha512-vRVGoi7FGV5h6ix6pnAJWq+FCj4qV41VXf9d+WYD3fk0GVpGe6yW4qNbrIDHqo6PTdFYSLuYXipAShKOZcdLtQ==",
      "requires": {
        "@timelaps/is": "1.0.15"
      }
    },
    "@timelaps/string": {
      "version": "1.0.2",
      "resolved": "https://registry.npmjs.org/@timelaps/string/-/string-1.0.2.tgz",
      "integrity": "sha512-5LvE0Ao+bmYjri2LUua6YCHwYjYfBtXUwZdc5zGeB+iQ6nPRifLyZNK7mhCr6iEKa0ErvGilfdSzN7F9gOu65A==",
      "requires": {
        "@timelaps/array": "1.0.18",
        "@timelaps/fn": "1.0.17",
        "@timelaps/hacks": "1.0.5",
        "@timelaps/n": "1.0.32",
        "@timelaps/object": "1.0.20",
        "@timelaps/to": "1.0.11"
      }
    },
    "@timelaps/time": {
      "version": "1.0.3",
      "resolved": "https://registry.npmjs.org/@timelaps/time/-/time-1.0.3.tgz",
      "integrity": "sha512-8tCmeU+eCxm4QNxd8M9dCr5O3/4dQQamYJPbKII1PyQvNPfjMGbfFjcPPHlvMNY9IBCBG9r8mbN58NqPVOEoDQ==",
      "requires": {
        "@timelaps/array": "1.0.18",
        "@timelaps/fn": "1.0.17",
        "@timelaps/is": "1.0.15",
        "@timelaps/n": "1.0.32",
        "@timelaps/string": "1.0.2",
        "@timelaps/to": "1.0.11"
      }
    },
    "@timelaps/to": {
      "version": "1.0.11",
      "resolved": "https://registry.npmjs.org/@timelaps/to/-/to-1.0.11.tgz",
      "integrity": "sha512-WijSBFuA6JuM5VJL/3Rqk5i8CNXKTdrFtua0zOPcJ4PC9K2cpRvxfpgIoYVcngdThEf6yJWWbVxXvL6tqF8phA==",
      "requires": {
        "@timelaps/hacks": "1.0.5",
        "@timelaps/is": "1.0.15",
        "@timelaps/number": "1.0.3",
        "@timelaps/returns": "1.0.2"
      }
    },
    "document-register-element": {
      "version": "1.7.0",
      "resolved": "https://registry.npmjs.org/document-register-element/-/document-register-element-1.7.0.tgz",
      "integrity": "sha512-qAoWcNm1zW3LVO0KSblYISM0oLQzlNtns2gd1O/YS3QvFYFidG6lF73fC98fIbfPQkws698L0/URrtmN8+ADbQ=="
    },
    "matters": {
      "version": "1.0.3",
      "resolved": "https://registry.npmjs.org/matters/-/matters-1.0.3.tgz",
      "integrity": "sha1-mYwvr6xTvRABk/ypejk9rf2U4nM=",
      "dev": true
    },
    "minimatch": {
      "version": "3.0.4",
      "resolved": "https://registry.npmjs.org/minimatch/-/minimatch-3.0.4.tgz",
      "integrity": "sha512-yJHVQEhyqPLUTgt9B83PXu6W3rx4MvvHvSUvToogpwoGDOUQ+yDrR0HRot+yOCdCO7u4hX3pWft6kWBBcqh0UA==",
      "dev": true,
      "requires": {
        "brace-expansion": "1.1.8"
      }
    },
    "minimist": {
      "version": "0.0.8",
      "resolved": "https://registry.npmjs.org/minimist/-/minimist-0.0.8.tgz",
      "integrity": "sha1-hX/Kv8M5fSYluCKCYuhqp6ARsF0=",
      "dev": true
    },
    "mkdirp": {
      "version": "0.5.1",
      "resolved": "https://registry.npmjs.org/mkdirp/-/mkdirp-0.5.1.tgz",
      "integrity": "sha1-MAV0OOrGz3+MR2fzhkjWaX11yQM=",
      "dev": true,
      "requires": {
        "minimist": "0.0.8"
      }
    }
  }
}
